
Microsoft Visual Studio Solution File, Format Version 12.00
# Visual Studio Version 17
VisualStudioVersion = 17.4.33103.184
MinimumVisualStudioVersion = 10.0.40219.1
Project("{FAE04EC0-301F-11D3-BF4B-00C04F79EFBC}") = "RegistroCuentas", "RegistroCuentas\RegistroCuentas.csproj", "{203678B4-99FA-4078-801F-C001CDD3A08A}"
EndProject
Global
	GlobalSection(SolutionConfigurationPlatforms) = preSolution
		Debug|Any CPU = Debug|Any CPU
		Release|Any CPU = Release|Any CPU
	EndGlobalSection
	GlobalSection(ProjectConfigurationPlatforms) = postSolution
		{203678B4-99FA-4078-801F-C001CDD3A08A}.Debug|Any CPU.ActiveCfg = Debug|Any CPU
		{203678B4-99FA-4078-801F-C001CDD3A08A}.Debug|Any CPU.Build.0 = Debug|Any CPU
		{203678B4-99FA-4078-801F-C001CDD3A08A}.Release|Any CPU.ActiveCfg = Release|Any CPU
		{203678B4-99FA-4078-801F-C001CDD3A08A}.Release|Any CPU.Build.0 = Release|Any CPU
	EndGlobalSection
	GlobalSection(SolutionProperties) = preSolution
		HideSolutionNode = FALSE
	EndGlobalSection
	GlobalSection(ExtensibilityGlobals) = postSolution
		SolutionGuid = {8E0DC7B2-8EF7-456F-BB85-E949EF6D0B22}
	EndGlobalSection
EndGlobal
